// !$*UTF8*$!
{
	archiveVersion = 1;
	classes = {
	};
	objectVersion = 54;
	objects = {

/* Begin PBXBuildFile section */
		000564E504F70FD38910D3EA /* Pass.swift in Sources */ = {isa = PBXBuildFile; fileRef = C2B175C44C6A814A7C331E59 /* Pass.swift */; };
		030CF79545B701085F3A36F8 /* PaymentButton.swift in Sources */ = {isa = PBXBuildFile; fileRef = FCDA57B4D8819F7521586289 /* PaymentButton.swift */; };
		0AA4DA1AE891C9156108961A /* PricingCard.swift in Sources */ = {isa = PBXBuildFile; fileRef = 3EBB6542783662DA9A0B9201 /* PricingCard.swift */; };
		0B6CA02C6087EA2376D9A032 /* DrinkMenuView.swift in Sources */ = {isa = PBXBuildFile; fileRef = C0FB27BECF4509C89A3E915F /* DrinkMenuView.swift */; };
		127948CE2036517AFA62ADDC /* APIEndpoint.swift in Sources */ = {isa = PBXBuildFile; fileRef = 75D49A954E3AA0C8405F2F11 /* APIEndpoint.swift */; };
		1F925919AC40AF5E470C557C /* StorageManager.swift in Sources */ = {isa = PBXBuildFile; fileRef = 352E124D06300EE3114599AA /* StorageManager.swift */; };
		2379DBE990F908553A03BB2A /* VenueListViewModel.swift in Sources */ = {isa = PBXBuildFile; fileRef = 72299C7C443B3F6D07096A76 /* VenueListViewModel.swift */; };
		24325ED1D5C22EB0ED400CBC /* DrinkRowView.swift in Sources */ = {isa = PBXBuildFile; fileRef = F2614D693FB1E3E39277C6BC /* DrinkRowView.swift */; };
		248C2CDA34EC1F8F373DD0C4 /* KeychainKey.swift in Sources */ = {isa = PBXBuildFile; fileRef = AF8E3058870116B40250C5C0 /* KeychainKey.swift */; };
		296A0F24F85D5D1F665B3BAB /* ProfileViewModel.swift in Sources */ = {isa = PBXBuildFile; fileRef = C4135F3BF32D5FB9123FF623 /* ProfileViewModel.swift */; };
		36DD2F3D4297B1FA60EF8CE2 /* PricingTier.swift in Sources */ = {isa = PBXBuildFile; fileRef = 8E1568F69B78F0C1D4CE3A8F /* PricingTier.swift */; };
		375C9079D10D8C9B88F52826 /* MockTokenizationService.swift in Sources */ = {isa = PBXBuildFile; fileRef = 64139CA0A72555699B00096B /* MockTokenizationService.swift */; };
		37835A5C9989A21ECA00E3FF /* VenueHeader.swift in Sources */ = {isa = PBXBuildFile; fileRef = 9FFEDDFA07F8422625761354 /* VenueHeader.swift */; };
		38CDE74BC573E8A3EF333739 /* PaymentManager.swift in Sources */ = {isa = PBXBuildFile; fileRef = E640160D02FB181CB99A9141 /* PaymentManager.swift */; };
		3B319C893F24BB3B6ECBBEB6 /* LiveTokenizationService.swift in Sources */ = {isa = PBXBuildFile; fileRef = 7A84A50A8D739A06A19E70A5 /* LiveTokenizationService.swift */; };
		3EF6729EA85C9B199F382E0A /* PassesViewModel.swift in Sources */ = {isa = PBXBuildFile; fileRef = EAE33512F766CF598B7AD085 /* PassesViewModel.swift */; };
		476F009CA67044AFFCC9D3E4 /* KeychainManager.swift in Sources */ = {isa = PBXBuildFile; fileRef = 05E9C433F00D3313E095D64E /* KeychainManager.swift */; };
		48155D84F52E4BA55552C388 /* APIConstants.swift in Sources */ = {isa = PBXBuildFile; fileRef = BDDB00565479208AB9889709 /* APIConstants.swift */; };
		48E7C8AE97FB5D956C1B41A2 /* PreviewDataLoader.swift in Sources */ = {isa = PBXBuildFile; fileRef = 377B6DA144602C35F01E1421 /* PreviewDataLoader.swift */; };
		4B3F0A2C1EF1DE24D98CB6D5 /* DrinkMenuViewModel.swift in Sources */ = {isa = PBXBuildFile; fileRef = 2DC8D609E6FF7075684AE2B0 /* DrinkMenuViewModel.swift */; };
		599FB4837522A9C032243058 /* ImportGuide.swift in Sources */ = {isa = PBXBuildFile; fileRef = D879FD5AD1773FD27BC4A11D /* ImportGuide.swift */; };
		5BB5DCDCA07643CA2C8A6418 /* PaywallViewModel.swift in Sources */ = {isa = PBXBuildFile; fileRef = 26A58EE96F5A662C12DE1584 /* PaywallViewModel.swift */; };
		5EB9F759177F6DC02346EBBD /* DrinkOrder.swift in Sources */ = {isa = PBXBuildFile; fileRef = 5A677FAF0286B0671EF385C6 /* DrinkOrder.swift */; };
		5ED9AA5C7ADEF4B491E616A1 /* TokenizationService.swift in Sources */ = {isa = PBXBuildFile; fileRef = AF236FA9C5A707941562BF53 /* TokenizationService.swift */; };
		60EA9ADEDA55AB7F5DD14899 /* PreviewNavigationCoordinator.swift in Sources */ = {isa = PBXBuildFile; fileRef = 4BCDE72DCBA85CD2BAE7CD7F /* PreviewNavigationCoordinator.swift */; };
		70EB432DFA3A74C1BA579AA9 /* SwiftUI.framework in Frameworks */ = {isa = PBXBuildFile; fileRef = 974D1FBD1FC786D8EFEB99C5 /* SwiftUI.framework */; };
		852AE68ED4CF62E169AA728B /* CoreData.framework in Frameworks */ = {isa = PBXBuildFile; fileRef = A4170FB470BE7CAD5C00EBF7 /* CoreData.framework */; };
		86A08F7386CC2F98338E8236 /* PaywallView.swift in Sources */ = {isa = PBXBuildFile; fileRef = 5AF5916732ECF1E50825C705 /* PaywallView.swift */; };
		9DB0913B86D5CFE48D4DA1B8 /* DrinkMenu.swift in Sources */ = {isa = PBXBuildFile; fileRef = 32AD57C92968D957536215EE /* DrinkMenu.swift */; };
		A71E6EF2E1F00ED0DCE3F82A /* Foundation.framework in Frameworks */ = {isa = PBXBuildFile; fileRef = 7E785530274BD9B220FB9656 /* Foundation.framework */; };
		A7CB5E5B1AA4CC2AE1496C5C /* TokenizationError.swift in Sources */ = {isa = PBXBuildFile; fileRef = 8C6044539161FB551B1E2364 /* TokenizationError.swift */; };
		B133594F4E2B3508FF685B05 /* CloudKit.framework in Frameworks */ = {isa = PBXBuildFile; fileRef = 62343430BAB7702C1797C6A1 /* CloudKit.framework */; };
		B8B3B84A36DF408CD55BA486 /* Combine.framework in Frameworks */ = {isa = PBXBuildFile; fileRef = 673A86DB5CD068A6C2E2504B /* Combine.framework */; };
		C24E35FC0F19CA8AD18FB23D /* PassesView.swift in Sources */ = {isa = PBXBuildFile; fileRef = 0102118E36CAB6CE1FF57189 /* PassesView.swift */; };
		C493EC3A8BD430560F4484AD /* CheckoutViewModel.swift in Sources */ = {isa = PBXBuildFile; fileRef = 2B08592E759527388541B6C6 /* CheckoutViewModel.swift */; };
		C7896C7CED443F8DCB787A22 /* VenueListView.swift in Sources */ = {isa = PBXBuildFile; fileRef = C4EBA60F019CB71F7E86662F /* VenueListView.swift */; };
		D188ED44E641312B1ED25A08 /* PaymentServiceProtocol.swift in Sources */ = {isa = PBXBuildFile; fileRef = 06F694BDEF02CB76364ED2B2 /* PaymentServiceProtocol.swift */; };
		D6985DCDBF820AE18F01B01C /* CheckoutView.swift in Sources */ = {isa = PBXBuildFile; fileRef = 82E4FAFEE2B8EDCE1BB48E92 /* CheckoutView.swift */; };
		D8FB1BD89DCFDDE6C52FBE48 /* ProfileView.swift in Sources */ = {isa = PBXBuildFile; fileRef = FDF95B3A01FC2DB9E5F7D326 /* ProfileView.swift */; };
		D905D71B67D970A614FB8C03 /* PaywallVenueHeader.swift in Sources */ = {isa = PBXBuildFile; fileRef = A917DA6231074A17618EAFE2 /* PaywallVenueHeader.swift */; };
		DD0E6E9D58E6E27E1FA773DF /* PaymentResult.swift in Sources */ = {isa = PBXBuildFile; fileRef = 14282FA90F81E2843B370BA3 /* PaymentResult.swift */; };
		DFDFAEC45F494EA009CAD63A /* VenueDetailView.swift in Sources */ = {isa = PBXBuildFile; fileRef = 5A2B076DE52CD464FBE0D859 /* VenueDetailView.swift */; };
		E690CBC89304438168CF02BF /* StorageKeys.swift in Sources */ = {isa = PBXBuildFile; fileRef = 6DACB83755BB068AFB1F6F14 /* StorageKeys.swift */; };
		F35BC2F5E9021F8AC4DD8B0D /* FOMO_FINALApp.swift in Sources */ = {isa = PBXBuildFile; fileRef = C6E50BF51BAD7C79D4DB7329 /* FOMO_FINALApp.swift */; };
		F5CF8BACBB516A9C24927A0E /* UserProfile.swift in Sources */ = {isa = PBXBuildFile; fileRef = 82E3B543C7658E6FDFEBDE03 /* UserProfile.swift */; };
		F63B2486A30CD8DF1F64B9E8 /* ContentView.swift in Sources */ = {isa = PBXBuildFile; fileRef = 33FF6950EF6242324F36E24E /* ContentView.swift */; };
		F894D518F63B53E85D03090C /* Venue.swift in Sources */ = {isa = PBXBuildFile; fileRef = A4E8469D7DA6079569138B14 /* Venue.swift */; };
		F9D13AC15B8F3CC19F6ADADD /* String+Localized.swift in Sources */ = {isa = PBXBuildFile; fileRef = 790D7675CB6C77993D083438 /* String+Localized.swift */; };
		FC571F957F13175CA8FA05BC /* PaymentState.swift in Sources */ = {isa = PBXBuildFile; fileRef = FC692AC653B9036813E25C55 /* PaymentState.swift */; };
		FC5C0E5C186B970491976837 /* DebugLogger.swift in Sources */ = {isa = PBXBuildFile; fileRef = D8D7D2F9DC8CDE2FD7303CDE /* DebugLogger.swift */; };
		FF87E386AC9004E0EFB645A7 /* PreviewEnvironmentKeys.swift in Sources */ = {isa = PBXBuildFile; fileRef = 3A307C1B24698A71298970B7 /* PreviewEnvironmentKeys.swift */; };
/* End PBXBuildFile section */

/* Begin PBXFileReference section */
		0102118E36CAB6CE1FF57189 /* PassesView.swift */ = {isa = PBXFileReference; lastKnownFileType = sourcecode.swift; path = PassesView.swift; sourceTree = "<group>"; };
		047336C70D2648CC1A5F784D /* FOMO_FINAL.xcconfig */ = {isa = PBXFileReference; lastKnownFileType = text.xcconfig; path = FOMO_FINAL.xcconfig; sourceTree = "<group>"; };
		05E9C433F00D3313E095D64E /* KeychainManager.swift */ = {isa = PBXFileReference; lastKnownFileType = sourcecode.swift; path = KeychainManager.swift; sourceTree = "<group>"; };
		06F694BDEF02CB76364ED2B2 /* PaymentServiceProtocol.swift */ = {isa = PBXFileReference; lastKnownFileType = sourcecode.swift; path = PaymentServiceProtocol.swift; sourceTree = "<group>"; };
		14282FA90F81E2843B370BA3 /* PaymentResult.swift */ = {isa = PBXFileReference; lastKnownFileType = sourcecode.swift; path = PaymentResult.swift; sourceTree = "<group>"; };
		26A58EE96F5A662C12DE1584 /* PaywallViewModel.swift */ = {isa = PBXFileReference; lastKnownFileType = sourcecode.swift; path = PaywallViewModel.swift; sourceTree = "<group>"; };
		2B08592E759527388541B6C6 /* CheckoutViewModel.swift */ = {isa = PBXFileReference; lastKnownFileType = sourcecode.swift; path = CheckoutViewModel.swift; sourceTree = "<group>"; };
		2DC8D609E6FF7075684AE2B0 /* DrinkMenuViewModel.swift */ = {isa = PBXFileReference; lastKnownFileType = sourcecode.swift; path = DrinkMenuViewModel.swift; sourceTree = "<group>"; };
		32AD57C92968D957536215EE /* DrinkMenu.swift */ = {isa = PBXFileReference; lastKnownFileType = sourcecode.swift; path = DrinkMenu.swift; sourceTree = "<group>"; };
		33FF6950EF6242324F36E24E /* ContentView.swift */ = {isa = PBXFileReference; lastKnownFileType = sourcecode.swift; path = ContentView.swift; sourceTree = "<group>"; };
		352E124D06300EE3114599AA /* StorageManager.swift */ = {isa = PBXFileReference; lastKnownFileType = sourcecode.swift; path = StorageManager.swift; sourceTree = "<group>"; };
		377B6DA144602C35F01E1421 /* PreviewDataLoader.swift */ = {isa = PBXFileReference; lastKnownFileType = sourcecode.swift; path = PreviewDataLoader.swift; sourceTree = "<group>"; };
		3A307C1B24698A71298970B7 /* PreviewEnvironmentKeys.swift */ = {isa = PBXFileReference; lastKnownFileType = sourcecode.swift; path = PreviewEnvironmentKeys.swift; sourceTree = "<group>"; };
		3EBB6542783662DA9A0B9201 /* PricingCard.swift */ = {isa = PBXFileReference; lastKnownFileType = sourcecode.swift; path = PricingCard.swift; sourceTree = "<group>"; };
		482325C09CEF320A5F8FF4CD /* FOMO_FINAL.app */ = {isa = PBXFileReference; includeInIndex = 0; lastKnownFileType = wrapper.application; path = FOMO_FINAL.app; sourceTree = BUILT_PRODUCTS_DIR; };
		4BCDE72DCBA85CD2BAE7CD7F /* PreviewNavigationCoordinator.swift */ = {isa = PBXFileReference; lastKnownFileType = sourcecode.swift; path = PreviewNavigationCoordinator.swift; sourceTree = "<group>"; };
		5A2B076DE52CD464FBE0D859 /* VenueDetailView.swift */ = {isa = PBXFileReference; lastKnownFileType = sourcecode.swift; path = VenueDetailView.swift; sourceTree = "<group>"; };
		5A677FAF0286B0671EF385C6 /* DrinkOrder.swift */ = {isa = PBXFileReference; lastKnownFileType = sourcecode.swift; path = DrinkOrder.swift; sourceTree = "<group>"; };
		5AF5916732ECF1E50825C705 /* PaywallView.swift */ = {isa = PBXFileReference; lastKnownFileType = sourcecode.swift; path = PaywallView.swift; sourceTree = "<group>"; };
		62343430BAB7702C1797C6A1 /* CloudKit.framework */ = {isa = PBXFileReference; lastKnownFileType = wrapper.framework; name = CloudKit.framework; path = System/Library/Frameworks/CloudKit.framework; sourceTree = SDKROOT; };
		64139CA0A72555699B00096B /* MockTokenizationService.swift */ = {isa = PBXFileReference; lastKnownFileType = sourcecode.swift; path = MockTokenizationService.swift; sourceTree = "<group>"; };
		673A86DB5CD068A6C2E2504B /* Combine.framework */ = {isa = PBXFileReference; lastKnownFileType = wrapper.framework; name = Combine.framework; path = System/Library/Frameworks/Combine.framework; sourceTree = SDKROOT; };
		6DACB83755BB068AFB1F6F14 /* StorageKeys.swift */ = {isa = PBXFileReference; lastKnownFileType = sourcecode.swift; path = StorageKeys.swift; sourceTree = "<group>"; };
		72299C7C443B3F6D07096A76 /* VenueListViewModel.swift */ = {isa = PBXFileReference; lastKnownFileType = sourcecode.swift; path = VenueListViewModel.swift; sourceTree = "<group>"; };
		75D49A954E3AA0C8405F2F11 /* APIEndpoint.swift */ = {isa = PBXFileReference; lastKnownFileType = sourcecode.swift; path = APIEndpoint.swift; sourceTree = "<group>"; };
		790D7675CB6C77993D083438 /* String+Localized.swift */ = {isa = PBXFileReference; lastKnownFileType = sourcecode.swift; path = "String+Localized.swift"; sourceTree = "<group>"; };
		7A84A50A8D739A06A19E70A5 /* LiveTokenizationService.swift */ = {isa = PBXFileReference; lastKnownFileType = sourcecode.swift; path = LiveTokenizationService.swift; sourceTree = "<group>"; };
		7E785530274BD9B220FB9656 /* Foundation.framework */ = {isa = PBXFileReference; lastKnownFileType = wrapper.framework; name = Foundation.framework; path = System/Library/Frameworks/Foundation.framework; sourceTree = SDKROOT; };
		82E3B543C7658E6FDFEBDE03 /* UserProfile.swift */ = {isa = PBXFileReference; lastKnownFileType = sourcecode.swift; path = UserProfile.swift; sourceTree = "<group>"; };
		82E4FAFEE2B8EDCE1BB48E92 /* CheckoutView.swift */ = {isa = PBXFileReference; lastKnownFileType = sourcecode.swift; path = CheckoutView.swift; sourceTree = "<group>"; };
		8C6044539161FB551B1E2364 /* TokenizationError.swift */ = {isa = PBXFileReference; lastKnownFileType = sourcecode.swift; path = TokenizationError.swift; sourceTree = "<group>"; };
		8E1568F69B78F0C1D4CE3A8F /* PricingTier.swift */ = {isa = PBXFileReference; lastKnownFileType = sourcecode.swift; path = PricingTier.swift; sourceTree = "<group>"; };
		974D1FBD1FC786D8EFEB99C5 /* SwiftUI.framework */ = {isa = PBXFileReference; lastKnownFileType = wrapper.framework; name = SwiftUI.framework; path = System/Library/Frameworks/SwiftUI.framework; sourceTree = SDKROOT; };
		9FFEDDFA07F8422625761354 /* VenueHeader.swift */ = {isa = PBXFileReference; lastKnownFileType = sourcecode.swift; path = VenueHeader.swift; sourceTree = "<group>"; };
		A4170FB470BE7CAD5C00EBF7 /* CoreData.framework */ = {isa = PBXFileReference; lastKnownFileType = wrapper.framework; name = CoreData.framework; path = System/Library/Frameworks/CoreData.framework; sourceTree = SDKROOT; };
		A4E8469D7DA6079569138B14 /* Venue.swift */ = {isa = PBXFileReference; lastKnownFileType = sourcecode.swift; path = Venue.swift; sourceTree = "<group>"; };
		A917DA6231074A17618EAFE2 /* PaywallVenueHeader.swift */ = {isa = PBXFileReference; lastKnownFileType = sourcecode.swift; path = PaywallVenueHeader.swift; sourceTree = "<group>"; };
		AF236FA9C5A707941562BF53 /* TokenizationService.swift */ = {isa = PBXFileReference; lastKnownFileType = sourcecode.swift; path = TokenizationService.swift; sourceTree = "<group>"; };
		AF8E3058870116B40250C5C0 /* KeychainKey.swift */ = {isa = PBXFileReference; lastKnownFileType = sourcecode.swift; path = KeychainKey.swift; sourceTree = "<group>"; };
		BDDB00565479208AB9889709 /* APIConstants.swift */ = {isa = PBXFileReference; lastKnownFileType = sourcecode.swift; path = APIConstants.swift; sourceTree = "<group>"; };
		C0FB27BECF4509C89A3E915F /* DrinkMenuView.swift */ = {isa = PBXFileReference; lastKnownFileType = sourcecode.swift; path = DrinkMenuView.swift; sourceTree = "<group>"; };
		C2B175C44C6A814A7C331E59 /* Pass.swift */ = {isa = PBXFileReference; lastKnownFileType = sourcecode.swift; path = Pass.swift; sourceTree = "<group>"; };
		C4135F3BF32D5FB9123FF623 /* ProfileViewModel.swift */ = {isa = PBXFileReference; lastKnownFileType = sourcecode.swift; path = ProfileViewModel.swift; sourceTree = "<group>"; };
		C4EBA60F019CB71F7E86662F /* VenueListView.swift */ = {isa = PBXFileReference; lastKnownFileType = sourcecode.swift; path = VenueListView.swift; sourceTree = "<group>"; };
		C6E50BF51BAD7C79D4DB7329 /* FOMO_FINALApp.swift */ = {isa = PBXFileReference; lastKnownFileType = sourcecode.swift; path = FOMO_FINALApp.swift; sourceTree = "<group>"; };
		D879FD5AD1773FD27BC4A11D /* ImportGuide.swift */ = {isa = PBXFileReference; lastKnownFileType = sourcecode.swift; path = ImportGuide.swift; sourceTree = "<group>"; };
		D8D7D2F9DC8CDE2FD7303CDE /* DebugLogger.swift */ = {isa = PBXFileReference; lastKnownFileType = sourcecode.swift; path = DebugLogger.swift; sourceTree = "<group>"; };
		E640160D02FB181CB99A9141 /* PaymentManager.swift */ = {isa = PBXFileReference; lastKnownFileType = sourcecode.swift; path = PaymentManager.swift; sourceTree = "<group>"; };
		EAE33512F766CF598B7AD085 /* PassesViewModel.swift */ = {isa = PBXFileReference; lastKnownFileType = sourcecode.swift; path = PassesViewModel.swift; sourceTree = "<group>"; };
		F2614D693FB1E3E39277C6BC /* DrinkRowView.swift */ = {isa = PBXFileReference; lastKnownFileType = sourcecode.swift; path = DrinkRowView.swift; sourceTree = "<group>"; };
		FC692AC653B9036813E25C55 /* PaymentState.swift */ = {isa = PBXFileReference; lastKnownFileType = sourcecode.swift; path = PaymentState.swift; sourceTree = "<group>"; };
		FCDA57B4D8819F7521586289 /* PaymentButton.swift */ = {isa = PBXFileReference; lastKnownFileType = sourcecode.swift; path = PaymentButton.swift; sourceTree = "<group>"; };
		FDF95B3A01FC2DB9E5F7D326 /* ProfileView.swift */ = {isa = PBXFileReference; lastKnownFileType = sourcecode.swift; path = ProfileView.swift; sourceTree = "<group>"; };
/* End PBXFileReference section */

/* Begin PBXFrameworksBuildPhase section */
		3831D09DD12AEE17FA40194A /* Frameworks */ = {
			isa = PBXFrameworksBuildPhase;
			buildActionMask = 2147483647;
			files = (
				70EB432DFA3A74C1BA579AA9 /* SwiftUI.framework in Frameworks */,
				B8B3B84A36DF408CD55BA486 /* Combine.framework in Frameworks */,
				A71E6EF2E1F00ED0DCE3F82A /* Foundation.framework in Frameworks */,
				852AE68ED4CF62E169AA728B /* CoreData.framework in Frameworks */,
				B133594F4E2B3508FF685B05 /* CloudKit.framework in Frameworks */,
			);
			runOnlyForDeploymentPostprocessing = 0;
		};
/* End PBXFrameworksBuildPhase section */

/* Begin PBXGroup section */
		088EDE24C0DA48081E3E5082 /* Views */ = {
			isa = PBXGroup;
			children = (
				FDF95B3A01FC2DB9E5F7D326 /* ProfileView.swift */,
			);
			path = Views;
			sourceTree = "<group>";
		};
		172DAE03093B7DFFEA34FBC6 /* Resources */ = {
			isa = PBXGroup;
			children = (
				D69D8E9AA51B63259D8B3F29 /* JourneyData */,
			);
			path = Resources;
			sourceTree = "<group>";
		};
		1AEB3036E295581B931B2A4B /* Utils */ = {
			isa = PBXGroup;
			children = (
				D879FD5AD1773FD27BC4A11D /* ImportGuide.swift */,
			);
			path = Utils;
			sourceTree = "<group>";
		};
		274CCBE3D27DED8F918DFAE9 /* Models */ = {
			isa = PBXGroup;
			children = (
				5A677FAF0286B0671EF385C6 /* DrinkOrder.swift */,
				C2B175C44C6A814A7C331E59 /* Pass.swift */,
				8E1568F69B78F0C1D4CE3A8F /* PricingTier.swift */,
				82E3B543C7658E6FDFEBDE03 /* UserProfile.swift */,
				A4E8469D7DA6079569138B14 /* Venue.swift */,
			);
			path = Models;
			sourceTree = "<group>";
		};
		2D654A7768B47C64EB1E0258 /* Passes */ = {
			isa = PBXGroup;
			children = (
				DE11E703718C45BF85F426E2 /* ViewModels */,
				704AA2A7C546DD97AC27E1D7 /* Views */,
			);
			path = Passes;
			sourceTree = "<group>";
		};
		342F4339A0BC445C88049BF9 /* FOMO_FINAL */ = {
			isa = PBXGroup;
			children = (
				172DAE03093B7DFFEA34FBC6 /* Resources */,
			);
			path = FOMO_FINAL;
			sourceTree = "<group>";
		};
		37D815B0AE93D97850059284 /* Paywall */ = {
			isa = PBXGroup;
			children = (
				FCDA57B4D8819F7521586289 /* PaymentButton.swift */,
				A917DA6231074A17618EAFE2 /* PaywallVenueHeader.swift */,
				5AF5916732ECF1E50825C705 /* PaywallView.swift */,
				3EBB6542783662DA9A0B9201 /* PricingCard.swift */,
			);
			path = Paywall;
			sourceTree = "<group>";
		};
		390F60C8B665222C1ADD9ABA /* Views */ = {
			isa = PBXGroup;
			children = (
				82E4FAFEE2B8EDCE1BB48E92 /* CheckoutView.swift */,
				C0FB27BECF4509C89A3E915F /* DrinkMenuView.swift */,
				F2614D693FB1E3E39277C6BC /* DrinkRowView.swift */,
			);
			path = Views;
			sourceTree = "<group>";
		};
		43C17186AE2BAF33394DC224 /* Views */ = {
			isa = PBXGroup;
			children = (
				37D815B0AE93D97850059284 /* Paywall */,
				5A2B076DE52CD464FBE0D859 /* VenueDetailView.swift */,
				9FFEDDFA07F8422625761354 /* VenueHeader.swift */,
				C4EBA60F019CB71F7E86662F /* VenueListView.swift */,
			);
			path = Views;
			sourceTree = "<group>";
		};
		458B03DB5618898D3412584F /* Config */ = {
			isa = PBXGroup;
			children = (
				047336C70D2648CC1A5F784D /* FOMO_FINAL.xcconfig */,
			);
			path = Config;
			sourceTree = "<group>";
		};
		50D6E05A3B76D1EA9786CB05 /* UI */ = {
			isa = PBXGroup;
			children = (
			);
			path = UI;
			sourceTree = "<group>";
		};
		50E8617F999A6C50D12A49D2 /* Models */ = {
			isa = PBXGroup;
			children = (
			);
			path = Models;
			sourceTree = "<group>";
		};
		5CBD4CD008A00C22A3ACB937 /* Frameworks */ = {
			isa = PBXGroup;
			children = (
				62343430BAB7702C1797C6A1 /* CloudKit.framework */,
				673A86DB5CD068A6C2E2504B /* Combine.framework */,
				A4170FB470BE7CAD5C00EBF7 /* CoreData.framework */,
				7E785530274BD9B220FB9656 /* Foundation.framework */,
				974D1FBD1FC786D8EFEB99C5 /* SwiftUI.framework */,
			);
			name = Frameworks;
			sourceTree = "<group>";
		};
		5DA5743CF1297F7B81C303EC /* ViewModels */ = {
			isa = PBXGroup;
			children = (
				2B08592E759527388541B6C6 /* CheckoutViewModel.swift */,
				2DC8D609E6FF7075684AE2B0 /* DrinkMenuViewModel.swift */,
			);
			path = ViewModels;
			sourceTree = "<group>";
		};
		5E128B39F945F24740F98274 /* Logging */ = {
			isa = PBXGroup;
			children = (
				D8D7D2F9DC8CDE2FD7303CDE /* DebugLogger.swift */,
			);
			path = Logging;
			sourceTree = "<group>";
		};
		60605AA460A15211E6A6A3EC /* FOMO_FINAL */ = {
			isa = PBXGroup;
			children = (
				C395677E785198830B101D2D /* Sources */,
			);
			path = FOMO_FINAL;
			sourceTree = "<group>";
		};
		6537618DAD476B5BCB111330 /* ViewModels */ = {
			isa = PBXGroup;
			children = (
				C4135F3BF32D5FB9123FF623 /* ProfileViewModel.swift */,
			);
			path = ViewModels;
			sourceTree = "<group>";
		};
		65B3DFCA7E2618AC5EFAC8BF /* Venues */ = {
			isa = PBXGroup;
			children = (
				8434E4D8A587ACFED7BC2022 /* ViewModels */,
				43C17186AE2BAF33394DC224 /* Views */,
			);
			path = Venues;
			sourceTree = "<group>";
		};
		704AA2A7C546DD97AC27E1D7 /* Views */ = {
			isa = PBXGroup;
			children = (
				0102118E36CAB6CE1FF57189 /* PassesView.swift */,
			);
			path = Views;
			sourceTree = "<group>";
		};
		71045F741516ED41EA98EC96 /* Core */ = {
			isa = PBXGroup;
			children = (
				F09F86068E29DD22C7FA6F48 /* Constants */,
				FE0F345271F8C0D5D4D9E161 /* Environment */,
				F2677441062E9DA89374FE53 /* Extensions */,
				5E128B39F945F24740F98274 /* Logging */,
				274CCBE3D27DED8F918DFAE9 /* Models */,
				8E8BD9054807D714B14DD23C /* Navigation */,
				7903529284B04E91F6850FA9 /* Payment */,
				DCBDD6958797EDED27C68715 /* Preview */,
				9F21D558C9D2F26BAE032034 /* Storage */,
			);
			path = Core;
			sourceTree = "<group>";
		};
		74BA9C3A45C426580880C152 /* Profile */ = {
			isa = PBXGroup;
			children = (
				6537618DAD476B5BCB111330 /* ViewModels */,
				088EDE24C0DA48081E3E5082 /* Views */,
			);
			path = Profile;
			sourceTree = "<group>";
		};
		7903529284B04E91F6850FA9 /* Payment */ = {
			isa = PBXGroup;
			children = (
				DB9A78C44C5BF72CAF6B6C86 /* Tokenization */,
				E640160D02FB181CB99A9141 /* PaymentManager.swift */,
				14282FA90F81E2843B370BA3 /* PaymentResult.swift */,
				06F694BDEF02CB76364ED2B2 /* PaymentServiceProtocol.swift */,
				FC692AC653B9036813E25C55 /* PaymentState.swift */,
			);
			path = Payment;
			sourceTree = "<group>";
		};
		79C63054C41D66FA12720639 /* Features */ = {
			isa = PBXGroup;
			children = (
				CC750B971FD497A2DE602BEC /* Drinks */,
				2D654A7768B47C64EB1E0258 /* Passes */,
				9517F5E7479F015BA02EDFF8 /* Payment */,
				74BA9C3A45C426580880C152 /* Profile */,
				65B3DFCA7E2618AC5EFAC8BF /* Venues */,
				33FF6950EF6242324F36E24E /* ContentView.swift */,
			);
			path = Features;
			sourceTree = "<group>";
		};
		8434E4D8A587ACFED7BC2022 /* ViewModels */ = {
			isa = PBXGroup;
			children = (
				26A58EE96F5A662C12DE1584 /* PaywallViewModel.swift */,
				72299C7C443B3F6D07096A76 /* VenueListViewModel.swift */,
			);
			path = ViewModels;
			sourceTree = "<group>";
		};
		8E8BD9054807D714B14DD23C /* Navigation */ = {
			isa = PBXGroup;
			children = (
				4BCDE72DCBA85CD2BAE7CD7F /* PreviewNavigationCoordinator.swift */,
			);
			path = Navigation;
			sourceTree = "<group>";
		};
		9517F5E7479F015BA02EDFF8 /* Payment */ = {
			isa = PBXGroup;
			children = (
			);
			path = Payment;
			sourceTree = "<group>";
		};
		9F21D558C9D2F26BAE032034 /* Storage */ = {
			isa = PBXGroup;
			children = (
				AF8E3058870116B40250C5C0 /* KeychainKey.swift */,
				05E9C433F00D3313E095D64E /* KeychainManager.swift */,
				6DACB83755BB068AFB1F6F14 /* StorageKeys.swift */,
				352E124D06300EE3114599AA /* StorageManager.swift */,
			);
			path = Storage;
			sourceTree = "<group>";
		};
		A30758AB357588D7E0EC181E /* Models */ = {
			isa = PBXGroup;
			children = (
				32AD57C92968D957536215EE /* DrinkMenu.swift */,
			);
			path = Models;
			sourceTree = "<group>";
		};
		A337B799E5CF93140663F1A8 = {
			isa = PBXGroup;
			children = (
				60605AA460A15211E6A6A3EC /* FOMO_FINAL */,
				5CBD4CD008A00C22A3ACB937 /* Frameworks */,
				F3D868A795D8F236DA11BD83 /* Products */,
			);
			sourceTree = "<group>";
		};
		AC6B78EB88BBB5466602A74C /* App */ = {
			isa = PBXGroup;
			children = (
				C6E50BF51BAD7C79D4DB7329 /* FOMO_FINALApp.swift */,
			);
			path = App;
			sourceTree = "<group>";
		};
		C395677E785198830B101D2D /* Sources */ = {
			isa = PBXGroup;
			children = (
				AC6B78EB88BBB5466602A74C /* App */,
				FA7FC60D92221CA536D9F2AB /* Common */,
				458B03DB5618898D3412584F /* Config */,
				71045F741516ED41EA98EC96 /* Core */,
				79C63054C41D66FA12720639 /* Features */,
				342F4339A0BC445C88049BF9 /* FOMO_FINAL */,
			);
			name = Sources;
			path = FOMO_FINAL;
			sourceTree = "<group>";
		};
		CC750B971FD497A2DE602BEC /* Drinks */ = {
			isa = PBXGroup;
			children = (
				A30758AB357588D7E0EC181E /* Models */,
				5DA5743CF1297F7B81C303EC /* ViewModels */,
				390F60C8B665222C1ADD9ABA /* Views */,
			);
			path = Drinks;
			sourceTree = "<group>";
		};
		D69D8E9AA51B63259D8B3F29 /* JourneyData */ = {
			isa = PBXGroup;
			children = (
			);
			path = JourneyData;
			sourceTree = "<group>";
		};
		DB9A78C44C5BF72CAF6B6C86 /* Tokenization */ = {
			isa = PBXGroup;
			children = (
				75D49A954E3AA0C8405F2F11 /* APIEndpoint.swift */,
				7A84A50A8D739A06A19E70A5 /* LiveTokenizationService.swift */,
				64139CA0A72555699B00096B /* MockTokenizationService.swift */,
				8C6044539161FB551B1E2364 /* TokenizationError.swift */,
				AF236FA9C5A707941562BF53 /* TokenizationService.swift */,
			);
			path = Tokenization;
			sourceTree = "<group>";
		};
		DCBDD6958797EDED27C68715 /* Preview */ = {
			isa = PBXGroup;
			children = (
				377B6DA144602C35F01E1421 /* PreviewDataLoader.swift */,
			);
			path = Preview;
			sourceTree = "<group>";
		};
		DE11E703718C45BF85F426E2 /* ViewModels */ = {
			isa = PBXGroup;
			children = (
				EAE33512F766CF598B7AD085 /* PassesViewModel.swift */,
			);
			path = ViewModels;
			sourceTree = "<group>";
		};
		F09F86068E29DD22C7FA6F48 /* Constants */ = {
			isa = PBXGroup;
			children = (
				BDDB00565479208AB9889709 /* APIConstants.swift */,
			);
			path = Constants;
			sourceTree = "<group>";
		};
		F2677441062E9DA89374FE53 /* Extensions */ = {
			isa = PBXGroup;
			children = (
				790D7675CB6C77993D083438 /* String+Localized.swift */,
			);
			path = Extensions;
			sourceTree = "<group>";
		};
		F3D868A795D8F236DA11BD83 /* Products */ = {
			isa = PBXGroup;
			children = (
				482325C09CEF320A5F8FF4CD /* FOMO_FINAL.app */,
			);
			name = Products;
			sourceTree = "<group>";
		};
		FA7FC60D92221CA536D9F2AB /* Common */ = {
			isa = PBXGroup;
			children = (
				50E8617F999A6C50D12A49D2 /* Models */,
				50D6E05A3B76D1EA9786CB05 /* UI */,
				1AEB3036E295581B931B2A4B /* Utils */,
			);
			path = Common;
			sourceTree = "<group>";
		};
		FE0F345271F8C0D5D4D9E161 /* Environment */ = {
			isa = PBXGroup;
			children = (
				3A307C1B24698A71298970B7 /* PreviewEnvironmentKeys.swift */,
			);
			path = Environment;
			sourceTree = "<group>";
		};
/* End PBXGroup section */

/* Begin PBXNativeTarget section */
		D7C02F19BB8C147F1F7B2CDF /* FOMO_FINAL */ = {
			isa = PBXNativeTarget;
			buildConfigurationList = 2CE7748BFB940AAF871B9428 /* Build configuration list for PBXNativeTarget "FOMO_FINAL" */;
			buildPhases = (
				6D1484559796A8F48177DBEB /* Sources */,
				3831D09DD12AEE17FA40194A /* Frameworks */,
			);
			buildRules = (
			);
			dependencies = (
			);
			name = FOMO_FINAL;
			productName = FOMO_FINAL;
			productReference = 482325C09CEF320A5F8FF4CD /* FOMO_FINAL.app */;
			productType = "com.apple.product-type.application";
		};
/* End PBXNativeTarget section */

/* Begin PBXProject section */
		C71CCF35E6F2B84052F08E41 /* Project object */ = {
			isa = PBXProject;
			attributes = {
				BuildIndependentTargetsInParallel = YES;
				LastUpgradeCheck = 1500;
				TargetAttributes = {
					D7C02F19BB8C147F1F7B2CDF = {
						DevelopmentTeam = "";
						ProvisioningStyle = Automatic;
					};
				};
			};
			buildConfigurationList = AF52995BC6CBC0D35E053E73 /* Build configuration list for PBXProject "FOMO_FINAL" */;
			compatibilityVersion = "Xcode 14.0";
			developmentRegion = en;
			hasScannedForEncodings = 0;
			knownRegions = (
				Base,
				en,
			);
			mainGroup = A337B799E5CF93140663F1A8;
			projectDirPath = "";
			projectRoot = "";
			targets = (
				D7C02F19BB8C147F1F7B2CDF /* FOMO_FINAL */,
			);
		};
/* End PBXProject section */

/* Begin PBXSourcesBuildPhase section */
		6D1484559796A8F48177DBEB /* Sources */ = {
			isa = PBXSourcesBuildPhase;
			buildActionMask = 2147483647;
			files = (
				48155D84F52E4BA55552C388 /* APIConstants.swift in Sources */,
				127948CE2036517AFA62ADDC /* APIEndpoint.swift in Sources */,
				D6985DCDBF820AE18F01B01C /* CheckoutView.swift in Sources */,
				C493EC3A8BD430560F4484AD /* CheckoutViewModel.swift in Sources */,
				F63B2486A30CD8DF1F64B9E8 /* ContentView.swift in Sources */,
				FC5C0E5C186B970491976837 /* DebugLogger.swift in Sources */,
				9DB0913B86D5CFE48D4DA1B8 /* DrinkMenu.swift in Sources */,
				0B6CA02C6087EA2376D9A032 /* DrinkMenuView.swift in Sources */,
				4B3F0A2C1EF1DE24D98CB6D5 /* DrinkMenuViewModel.swift in Sources */,
				5EB9F759177F6DC02346EBBD /* DrinkOrder.swift in Sources */,
				24325ED1D5C22EB0ED400CBC /* DrinkRowView.swift in Sources */,
				F35BC2F5E9021F8AC4DD8B0D /* FOMO_FINALApp.swift in Sources */,
				599FB4837522A9C032243058 /* ImportGuide.swift in Sources */,
				248C2CDA34EC1F8F373DD0C4 /* KeychainKey.swift in Sources */,
				476F009CA67044AFFCC9D3E4 /* KeychainManager.swift in Sources */,
				3B319C893F24BB3B6ECBBEB6 /* LiveTokenizationService.swift in Sources */,
				375C9079D10D8C9B88F52826 /* MockTokenizationService.swift in Sources */,
				000564E504F70FD38910D3EA /* Pass.swift in Sources */,
				C24E35FC0F19CA8AD18FB23D /* PassesView.swift in Sources */,
				3EF6729EA85C9B199F382E0A /* PassesViewModel.swift in Sources */,
				030CF79545B701085F3A36F8 /* PaymentButton.swift in Sources */,
				38CDE74BC573E8A3EF333739 /* PaymentManager.swift in Sources */,
				DD0E6E9D58E6E27E1FA773DF /* PaymentResult.swift in Sources */,
				D188ED44E641312B1ED25A08 /* PaymentServiceProtocol.swift in Sources */,
				FC571F957F13175CA8FA05BC /* PaymentState.swift in Sources */,
				D905D71B67D970A614FB8C03 /* PaywallVenueHeader.swift in Sources */,
				86A08F7386CC2F98338E8236 /* PaywallView.swift in Sources */,
				5BB5DCDCA07643CA2C8A6418 /* PaywallViewModel.swift in Sources */,
				48E7C8AE97FB5D956C1B41A2 /* PreviewDataLoader.swift in Sources */,
				FF87E386AC9004E0EFB645A7 /* PreviewEnvironmentKeys.swift in Sources */,
				60EA9ADEDA55AB7F5DD14899 /* PreviewNavigationCoordinator.swift in Sources */,
				0AA4DA1AE891C9156108961A /* PricingCard.swift in Sources */,
				36DD2F3D4297B1FA60EF8CE2 /* PricingTier.swift in Sources */,
				D8FB1BD89DCFDDE6C52FBE48 /* ProfileView.swift in Sources */,
				296A0F24F85D5D1F665B3BAB /* ProfileViewModel.swift in Sources */,
				E690CBC89304438168CF02BF /* StorageKeys.swift in Sources */,
				1F925919AC40AF5E470C557C /* StorageManager.swift in Sources */,
				F9D13AC15B8F3CC19F6ADADD /* String+Localized.swift in Sources */,
				A7CB5E5B1AA4CC2AE1496C5C /* TokenizationError.swift in Sources */,
				5ED9AA5C7ADEF4B491E616A1 /* TokenizationService.swift in Sources */,
				F5CF8BACBB516A9C24927A0E /* UserProfile.swift in Sources */,
				F894D518F63B53E85D03090C /* Venue.swift in Sources */,
				DFDFAEC45F494EA009CAD63A /* VenueDetailView.swift in Sources */,
				37835A5C9989A21ECA00E3FF /* VenueHeader.swift in Sources */,
				C7896C7CED443F8DCB787A22 /* VenueListView.swift in Sources */,
				2379DBE990F908553A03BB2A /* VenueListViewModel.swift in Sources */,
			);
			runOnlyForDeploymentPostprocessing = 0;
		};
/* End PBXSourcesBuildPhase section */

/* Begin XCBuildConfiguration section */
		1C9A041B1E2D3E7EC8BE725A /* Debug */ = {
			isa = XCBuildConfiguration;
			buildSettings = {
				ASSETCATALOG_COMPILER_APPICON_NAME = AppIcon;
				ASSET_CATALOGS = Assets.xcassets;
				CODE_SIGN_ALLOW_ENTITLEMENTS_MODIFICATION = YES;
				CODE_SIGN_IDENTITY = "Apple Development";
				CODE_SIGN_STYLE = Automatic;
				DEVELOPMENT_ASSET_PATHS = "Preview Content";
				DEVELOPMENT_TEAM = "";
				ENABLE_PREVIEWS = YES;
				INFOPLIST_FILE = FOMO_FINAL/Info.plist;
				LD_RUNPATH_SEARCH_PATHS = (
					"$(inherited)",
					"@executable_path/Frameworks",
				);
				PREVIEW_DATA_PATH = "Preview Content/PreviewData";
				PRODUCT_BUNDLE_IDENTIFIER = "com.example.FOMO-FINAL";
				PROVISIONING_PROFILE_SPECIFIER = "";
				SDKROOT = iphoneos;
				SWIFT_ACTIVE_COMPILATION_CONDITIONS = (
					DEBUG,
					PREVIEW,
					IOS15_COMPAT,
					IOS17_COMPAT,
					IOS18_COMPAT,
				);
				TARGETED_DEVICE_FAMILY = "1,2";
			};
			name = Debug;
		};
		4AD42EB6654232733EE2A217 /* Release */ = {
			isa = XCBuildConfiguration;
			buildSettings = {
				ASSETCATALOG_COMPILER_APPICON_NAME = AppIcon;
				ASSET_CATALOGS = Assets.xcassets;
				CODE_SIGN_ALLOW_ENTITLEMENTS_MODIFICATION = YES;
				CODE_SIGN_IDENTITY = "Apple Development";
				CODE_SIGN_STYLE = Automatic;
				DEVELOPMENT_ASSET_PATHS = "Preview Content";
				DEVELOPMENT_TEAM = "";
				ENABLE_PREVIEWS = YES;
				INFOPLIST_FILE = FOMO_FINAL/Info.plist;
				LD_RUNPATH_SEARCH_PATHS = (
					"$(inherited)",
					"@executable_path/Frameworks",
				);
				PREVIEW_DATA_PATH = "Preview Content/PreviewData";
				PRODUCT_BUNDLE_IDENTIFIER = "com.example.FOMO-FINAL";
				PROVISIONING_PROFILE_SPECIFIER = "";
				SDKROOT = iphoneos;
				SWIFT_ACTIVE_COMPILATION_CONDITIONS = (
					DEBUG,
					PREVIEW,
					IOS15_COMPAT,
					IOS17_COMPAT,
					IOS18_COMPAT,
				);
				TARGETED_DEVICE_FAMILY = "1,2";
			};
			name = Release;
		};
		A70CA41BD99DEF5603FED870 /* Debug */ = {
			isa = XCBuildConfiguration;
			buildSettings = {
				ALWAYS_SEARCH_USER_PATHS = NO;
				CLANG_ANALYZER_NONNULL = YES;
				CLANG_ANALYZER_NUMBER_OBJECT_CONVERSION = YES_AGGRESSIVE;
				CLANG_CXX_LANGUAGE_STANDARD = "gnu++14";
				CLANG_CXX_LIBRARY = "libc++";
				CLANG_ENABLE_MODULES = YES;
				CLANG_ENABLE_OBJC_ARC = YES;
				CLANG_ENABLE_OBJC_WEAK = YES;
				CLANG_WARN_BLOCK_CAPTURE_AUTORELEASING = YES;
				CLANG_WARN_BOOL_CONVERSION = YES;
				CLANG_WARN_COMMA = YES;
				CLANG_WARN_CONSTANT_CONVERSION = YES;
				CLANG_WARN_DEPRECATED_OBJC_IMPLEMENTATIONS = YES;
				CLANG_WARN_DIRECT_OBJC_ISA_USAGE = YES_ERROR;
				CLANG_WARN_DOCUMENTATION_COMMENTS = YES;
				CLANG_WARN_EMPTY_BODY = YES;
				CLANG_WARN_ENUM_CONVERSION = YES;
				CLANG_WARN_INFINITE_RECURSION = YES;
				CLANG_WARN_INT_CONVERSION = YES;
				CLANG_WARN_NON_LITERAL_NULL_CONVERSION = YES;
				CLANG_WARN_OBJC_IMPLICIT_RETAIN_SELF = YES;
				CLANG_WARN_OBJC_LITERAL_CONVERSION = YES;
				CLANG_WARN_OBJC_ROOT_CLASS = YES_ERROR;
				CLANG_WARN_QUOTED_INCLUDE_IN_FRAMEWORK_HEADER = YES;
				CLANG_WARN_RANGE_LOOP_ANALYSIS = YES;
				CLANG_WARN_STRICT_PROTOTYPES = YES;
				CLANG_WARN_SUSPICIOUS_MOVE = YES;
				CLANG_WARN_UNGUARDED_AVAILABILITY = YES_AGGRESSIVE;
				CLANG_WARN_UNREACHABLE_CODE = YES;
				CLANG_WARN__DUPLICATE_METHOD_MATCH = YES;
				COPY_PHASE_STRIP = NO;
				DEBUG_INFORMATION_FORMAT = dwarf;
				ENABLE_STRICT_OBJC_MSGSEND = YES;
				ENABLE_TESTABILITY = YES;
				GCC_C_LANGUAGE_STANDARD = gnu11;
				GCC_DYNAMIC_NO_PIC = NO;
				GCC_NO_COMMON_BLOCKS = YES;
				GCC_OPTIMIZATION_LEVEL = 0;
				GCC_PREPROCESSOR_DEFINITIONS = (
					"$(inherited)",
					"DEBUG=1",
				);
				GCC_WARN_64_TO_32_BIT_CONVERSION = YES;
				GCC_WARN_ABOUT_RETURN_TYPE = YES_ERROR;
				GCC_WARN_UNDECLARED_SELECTOR = YES;
				GCC_WARN_UNINITIALIZED_AUTOS = YES_AGGRESSIVE;
				GCC_WARN_UNUSED_FUNCTION = YES;
				GCC_WARN_UNUSED_VARIABLE = YES;
				IPHONEOS_DEPLOYMENT_TARGET = 18.1;
				MTL_ENABLE_DEBUG_INFO = INCLUDE_SOURCE;
				MTL_FAST_MATH = YES;
				ONLY_ACTIVE_ARCH = YES;
				PRODUCT_NAME = "$(TARGET_NAME)";
				SDKROOT = iphoneos;
				SWIFT_ACTIVE_COMPILATION_CONDITIONS = DEBUG;
				SWIFT_OPTIMIZATION_LEVEL = "-Onone";
				SWIFT_VERSION = 5.0;
			};
			name = Debug;
		};
		B23BE94C116FB28C7ADA00B4 /* Release */ = {
			isa = XCBuildConfiguration;
			buildSettings = {
				ALWAYS_SEARCH_USER_PATHS = NO;
				CLANG_ANALYZER_NONNULL = YES;
				CLANG_ANALYZER_NUMBER_OBJECT_CONVERSION = YES_AGGRESSIVE;
				CLANG_CXX_LANGUAGE_STANDARD = "gnu++14";
				CLANG_CXX_LIBRARY = "libc++";
				CLANG_ENABLE_MODULES = YES;
				CLANG_ENABLE_OBJC_ARC = YES;
				CLANG_ENABLE_OBJC_WEAK = YES;
				CLANG_WARN_BLOCK_CAPTURE_AUTORELEASING = YES;
				CLANG_WARN_BOOL_CONVERSION = YES;
				CLANG_WARN_COMMA = YES;
				CLANG_WARN_CONSTANT_CONVERSION = YES;
				CLANG_WARN_DEPRECATED_OBJC_IMPLEMENTATIONS = YES;
				CLANG_WARN_DIRECT_OBJC_ISA_USAGE = YES_ERROR;
				CLANG_WARN_DOCUMENTATION_COMMENTS = YES;
				CLANG_WARN_EMPTY_BODY = YES;
				CLANG_WARN_ENUM_CONVERSION = YES;
				CLANG_WARN_INFINITE_RECURSION = YES;
				CLANG_WARN_INT_CONVERSION = YES;
				CLANG_WARN_NON_LITERAL_NULL_CONVERSION = YES;
				CLANG_WARN_OBJC_IMPLICIT_RETAIN_SELF = YES;
				CLANG_WARN_OBJC_LITERAL_CONVERSION = YES;
				CLANG_WARN_OBJC_ROOT_CLASS = YES_ERROR;
				CLANG_WARN_QUOTED_INCLUDE_IN_FRAMEWORK_HEADER = YES;
				CLANG_WARN_RANGE_LOOP_ANALYSIS = YES;
				CLANG_WARN_STRICT_PROTOTYPES = YES;
				CLANG_WARN_SUSPICIOUS_MOVE = YES;
				CLANG_WARN_UNGUARDED_AVAILABILITY = YES_AGGRESSIVE;
				CLANG_WARN_UNREACHABLE_CODE = YES;
				CLANG_WARN__DUPLICATE_METHOD_MATCH = YES;
				COPY_PHASE_STRIP = NO;
				DEBUG_INFORMATION_FORMAT = "dwarf-with-dsym";
				ENABLE_NS_ASSERTIONS = NO;
				ENABLE_STRICT_OBJC_MSGSEND = YES;
				GCC_C_LANGUAGE_STANDARD = gnu11;
				GCC_NO_COMMON_BLOCKS = YES;
				GCC_WARN_64_TO_32_BIT_CONVERSION = YES;
				GCC_WARN_ABOUT_RETURN_TYPE = YES_ERROR;
				GCC_WARN_UNDECLARED_SELECTOR = YES;
				GCC_WARN_UNINITIALIZED_AUTOS = YES_AGGRESSIVE;
				GCC_WARN_UNUSED_FUNCTION = YES;
				GCC_WARN_UNUSED_VARIABLE = YES;
				IPHONEOS_DEPLOYMENT_TARGET = 18.1;
				MTL_ENABLE_DEBUG_INFO = NO;
				MTL_FAST_MATH = YES;
				PRODUCT_NAME = "$(TARGET_NAME)";
				SDKROOT = iphoneos;
				SWIFT_COMPILATION_MODE = wholemodule;
				SWIFT_OPTIMIZATION_LEVEL = "-O";
				SWIFT_VERSION = 5.0;
			};
			name = Release;
		};
/* End XCBuildConfiguration section */

/* Begin XCConfigurationList section */
		2CE7748BFB940AAF871B9428 /* Build configuration list for PBXNativeTarget "FOMO_FINAL" */ = {
			isa = XCConfigurationList;
			buildConfigurations = (
				1C9A041B1E2D3E7EC8BE725A /* Debug */,
				4AD42EB6654232733EE2A217 /* Release */,
			);
			defaultConfigurationIsVisible = 0;
			defaultConfigurationName = Debug;
		};
		AF52995BC6CBC0D35E053E73 /* Build configuration list for PBXProject "FOMO_FINAL" */ = {
			isa = XCConfigurationList;
			buildConfigurations = (
				A70CA41BD99DEF5603FED870 /* Debug */,
				B23BE94C116FB28C7ADA00B4 /* Release */,
			);
			defaultConfigurationIsVisible = 0;
			defaultConfigurationName = Debug;
		};
/* End XCConfigurationList section */
	};
	rootObject = C71CCF35E6F2B84052F08E41 /* Project object */;
}
